
Microsoft Visual Studio Solution File, Format Version 12.00
# Visual Studio 15
VisualStudioVersion = 15.0.27130.2010
MinimumVisualStudioVersion = 10.0.40219.1
Project("{FAE04EC0-301F-11D3-BF4B-00C04F79EFBC}") = "SeleniumAutomationStarter", "SeleniumAutomationStarter\SeleniumAutomationStarter.csproj", "{3A6B6AC5-22CB-4267-ADC6-3995E5794149}"
EndProject
Global
	GlobalSection(SolutionConfigurationPlatforms) = preSolution
		Debug|Any CPU = Debug|Any CPU
		Release|Any CPU = Release|Any CPU
	EndGlobalSection
	GlobalSection(ProjectConfigurationPlatforms) = postSolution
		{3A6B6AC5-22CB-4267-ADC6-3995E5794149}.Debug|Any CPU.ActiveCfg = Debug|Any CPU
		{3A6B6AC5-22CB-4267-ADC6-3995E5794149}.Debug|Any CPU.Build.0 = Debug|Any CPU
		{3A6B6AC5-22CB-4267-ADC6-3995E5794149}.Release|Any CPU.ActiveCfg = Release|Any CPU
		{3A6B6AC5-22CB-4267-ADC6-3995E5794149}.Release|Any CPU.Build.0 = Release|Any CPU
	EndGlobalSection
	GlobalSection(SolutionProperties) = preSolution
		HideSolutionNode = FALSE
	EndGlobalSection
	GlobalSection(ExtensibilityGlobals) = postSolution
		SolutionGuid = {C806E1B0-8ADA-4AA2-B5D3-DB0AF434C823}
	EndGlobalSection
EndGlobal
